// !$*UTF8*$!
{
	archiveVersion = 1;
	classes = {
	};
	objectVersion = 46;
	objects = {

/* Begin PBXBuildFile section */
		40AA71A4190EEFF6003DECEF /* Foundation.framework in Frameworks */ = {isa = PBXBuildFile; fileRef = 40AA71A3190EEFF6003DECEF /* Foundation.framework */; };
		40AA71A6190EEFF6003DECEF /* CoreGraphics.framework in Frameworks */ = {isa = PBXBuildFile; fileRef = 40AA71A5190EEFF6003DECEF /* CoreGraphics.framework */; };
		40AA71A8190EEFF6003DECEF /* UIKit.framework in Frameworks */ = {isa = PBXBuildFile; fileRef = 40AA71A7190EEFF6003DECEF /* UIKit.framework */; };
		40AA71AE190EEFF6003DECEF /* InfoPlist.strings in Resources */ = {isa = PBXBuildFile; fileRef = 40AA71AC190EEFF6003DECEF /* InfoPlist.strings */; };
		40AA71B0190EEFF6003DECEF /* main.m in Sources */ = {isa = PBXBuildFile; fileRef = 40AA71AF190EEFF6003DECEF /* main.m */; };
		40AA71B4190EEFF6003DECEF /* AppDelegate.m in Sources */ = {isa = PBXBuildFile; fileRef = 40AA71B3190EEFF6003DECEF /* AppDelegate.m */; };
		40AA71B7190EEFF6003DECEF /* Main_iPhone.storyboard in Resources */ = {isa = PBXBuildFile; fileRef = 40AA71B5190EEFF6003DECEF /* Main_iPhone.storyboard */; };
		40AA71BA190EEFF6003DECEF /* Main_iPad.storyboard in Resources */ = {isa = PBXBuildFile; fileRef = 40AA71B8190EEFF6003DECEF /* Main_iPad.storyboard */; };
		40AA71BD190EEFF6003DECEF /* ViewController.m in Sources */ = {isa = PBXBuildFile; fileRef = 40AA71BC190EEFF6003DECEF /* ViewController.m */; };
		40AA71BF190EEFF6003DECEF /* Images.xcassets in Resources */ = {isa = PBXBuildFile; fileRef = 40AA71BE190EEFF6003DECEF /* Images.xcassets */; };
		40AA71C6190EEFF6003DECEF /* XCTest.framework in Frameworks */ = {isa = PBXBuildFile; fileRef = 40AA71C5190EEFF6003DECEF /* XCTest.framework */; };
		40AA71C7190EEFF6003DECEF /* Foundation.framework in Frameworks */ = {isa = PBXBuildFile; fileRef = 40AA71A3190EEFF6003DECEF /* Foundation.framework */; };
		40AA71C8190EEFF6003DECEF /* UIKit.framework in Frameworks */ = {isa = PBXBuildFile; fileRef = 40AA71A7190EEFF6003DECEF /* UIKit.framework */; };
		40AA71D0190EEFF6003DECEF /* InfoPlist.strings in Resources */ = {isa = PBXBuildFile; fileRef = 40AA71CE190EEFF6003DECEF /* InfoPlist.strings */; };
		40AA71D2190EEFF6003DECEF /* TLSInfoTests.m in Sources */ = {isa = PBXBuildFile; fileRef = 40AA71D1190EEFF6003DECEF /* TLSInfoTests.m */; };
/* End PBXBuildFile section */

/* Begin PBXContainerItemProxy section */
		40AA71C9190EEFF6003DECEF /* PBXContainerItemProxy */ = {
			isa = PBXContainerItemProxy;
			containerPortal = 40AA7198190EEFF6003DECEF /* Project object */;
			proxyType = 1;
			remoteGlobalIDString = 40AA719F190EEFF6003DECEF;
			remoteInfo = TLSInfo;
		};
/* End PBXContainerItemProxy section */

/* Begin PBXFileReference section */
		40AA71A0190EEFF6003DECEF /* TLSInfo.app */ = {isa = PBXFileReference; explicitFileType = wrapper.application; includeInIndex = 0; path = TLSInfo.app; sourceTree = BUILT_PRODUCTS_DIR; };
		40AA71A3190EEFF6003DECEF /* Foundation.framework */ = {isa = PBXFileReference; lastKnownFileType = wrapper.framework; name = Foundation.framework; path = System/Library/Frameworks/Foundation.framework; sourceTree = SDKROOT; };
		40AA71A5190EEFF6003DECEF /* CoreGraphics.framework */ = {isa = PBXFileReference; lastKnownFileType = wrapper.framework; name = CoreGraphics.framework; path = System/Library/Frameworks/CoreGraphics.framework; sourceTree = SDKROOT; };
		40AA71A7190EEFF6003DECEF /* UIKit.framework */ = {isa = PBXFileReference; lastKnownFileType = wrapper.framework; name = UIKit.framework; path = System/Library/Frameworks/UIKit.framework; sourceTree = SDKROOT; };
		40AA71AB190EEFF6003DECEF /* TLSInfo-Info.plist */ = {isa = PBXFileReference; lastKnownFileType = text.plist.xml; path = "TLSInfo-Info.plist"; sourceTree = "<group>"; };
		40AA71AD190EEFF6003DECEF /* en */ = {isa = PBXFileReference; lastKnownFileType = text.plist.strings; name = en; path = en.lproj/InfoPlist.strings; sourceTree = "<group>"; };
		40AA71AF190EEFF6003DECEF /* main.m */ = {isa = PBXFileReference; lastKnownFileType = sourcecode.c.objc; path = main.m; sourceTree = "<group>"; };
		40AA71B1190EEFF6003DECEF /* TLSInfo-Prefix.pch */ = {isa = PBXFileReference; lastKnownFileType = sourcecode.c.h; path = "TLSInfo-Prefix.pch"; sourceTree = "<group>"; };
		40AA71B2190EEFF6003DECEF /* AppDelegate.h */ = {isa = PBXFileReference; lastKnownFileType = sourcecode.c.h; path = AppDelegate.h; sourceTree = "<group>"; };
		40AA71B3190EEFF6003DECEF /* AppDelegate.m */ = {isa = PBXFileReference; lastKnownFileType = sourcecode.c.objc; path = AppDelegate.m; sourceTree = "<group>"; };
		40AA71B6190EEFF6003DECEF /* Base */ = {isa = PBXFileReference; lastKnownFileType = file.storyboard; name = Base; path = Base.lproj/Main_iPhone.storyboard; sourceTree = "<group>"; };
		40AA71B9190EEFF6003DECEF /* Base */ = {isa = PBXFileReference; lastKnownFileType = file.storyboard; name = Base; path = Base.lproj/Main_iPad.storyboard; sourceTree = "<group>"; };
		40AA71BB190EEFF6003DECEF /* ViewController.h */ = {isa = PBXFileReference; lastKnownFileType = sourcecode.c.h; path = ViewController.h; sourceTree = "<group>"; };
		40AA71BC190EEFF6003DECEF /* ViewController.m */ = {isa = PBXFileReference; lastKnownFileType = sourcecode.c.objc; path = ViewController.m; sourceTree = "<group>"; };
		40AA71BE190EEFF6003DECEF /* Images.xcassets */ = {isa = PBXFileReference; lastKnownFileType = folder.assetcatalog; path = Images.xcassets; sourceTree = "<group>"; };
		40AA71C4190EEFF6003DECEF /* TLSInfoTests.xctest */ = {isa = PBXFileReference; explicitFileType = wrapper.cfbundle; includeInIndex = 0; path = TLSInfoTests.xctest; sourceTree = BUILT_PRODUCTS_DIR; };
		40AA71C5190EEFF6003DECEF /* XCTest.framework */ = {isa = PBXFileReference; lastKnownFileType = wrapper.framework; name = XCTest.framework; path = Library/Frameworks/XCTest.framework; sourceTree = DEVELOPER_DIR; };
		40AA71CD190EEFF6003DECEF /* TLSInfoTests-Info.plist */ = {isa = PBXFileReference; lastKnownFileType = text.plist.xml; path = "TLSInfoTests-Info.plist"; sourceTree = "<group>"; };
		40AA71CF190EEFF6003DECEF /* en */ = {isa = PBXFileReference; lastKnownFileType = text.plist.strings; name = en; path = en.lproj/InfoPlist.strings; sourceTree = "<group>"; };
		40AA71D1190EEFF6003DECEF /* TLSInfoTests.m */ = {isa = PBXFileReference; lastKnownFileType = sourcecode.c.objc; path = TLSInfoTests.m; sourceTree = "<group>"; };
/* End PBXFileReference section */

/* Begin PBXFrameworksBuildPhase section */
		40AA719D190EEFF6003DECEF /* Frameworks */ = {
			isa = PBXFrameworksBuildPhase;
			buildActionMask = 2147483647;
			files = (
				40AA71A6190EEFF6003DECEF /* CoreGraphics.framework in Frameworks */,
				40AA71A8190EEFF6003DECEF /* UIKit.framework in Frameworks */,
				40AA71A4190EEFF6003DECEF /* Foundation.framework in Frameworks */,
			);
			runOnlyForDeploymentPostprocessing = 0;
		};
		40AA71C1190EEFF6003DECEF /* Frameworks */ = {
			isa = PBXFrameworksBuildPhase;
			buildActionMask = 2147483647;
			files = (
				40AA71C6190EEFF6003DECEF /* XCTest.framework in Frameworks */,
				40AA71C8190EEFF6003DECEF /* UIKit.framework in Frameworks */,
				40AA71C7190EEFF6003DECEF /* Foundation.framework in Frameworks */,
			);
			runOnlyForDeploymentPostprocessing = 0;
		};
/* End PBXFrameworksBuildPhase section */

/* Begin PBXGroup section */
		40AA7197190EEFF6003DECEF = {
			isa = PBXGroup;
			children = (
				40AA71A9190EEFF6003DECEF /* TLSInfo */,
				40AA71CB190EEFF6003DECEF /* TLSInfoTests */,
				40AA71A2190EEFF6003DECEF /* Frameworks */,
				40AA71A1190EEFF6003DECEF /* Products */,
			);
			sourceTree = "<group>";
		};
		40AA71A1190EEFF6003DECEF /* Products */ = {
			isa = PBXGroup;
			children = (
				40AA71A0190EEFF6003DECEF /* TLSInfo.app */,
				40AA71C4190EEFF6003DECEF /* TLSInfoTests.xctest */,
			);
			name = Products;
			sourceTree = "<group>";
		};
		40AA71A2190EEFF6003DECEF /* Frameworks */ = {
			isa = PBXGroup;
			children = (
				40AA71A3190EEFF6003DECEF /* Foundation.framework */,
				40AA71A5190EEFF6003DECEF /* CoreGraphics.framework */,
				40AA71A7190EEFF6003DECEF /* UIKit.framework */,
				40AA71C5190EEFF6003DECEF /* XCTest.framework */,
			);
			name = Frameworks;
			sourceTree = "<group>";
		};
		40AA71A9190EEFF6003DECEF /* TLSInfo */ = {
			isa = PBXGroup;
			children = (
				40AA71B2190EEFF6003DECEF /* AppDelegate.h */,
				40AA71B3190EEFF6003DECEF /* AppDelegate.m */,
				40AA71B5190EEFF6003DECEF /* Main_iPhone.storyboard */,
				40AA71B8190EEFF6003DECEF /* Main_iPad.storyboard */,
				40AA71BB190EEFF6003DECEF /* ViewController.h */,
				40AA71BC190EEFF6003DECEF /* ViewController.m */,
				40AA71BE190EEFF6003DECEF /* Images.xcassets */,
				40AA71AA190EEFF6003DECEF /* Supporting Files */,
			);
			path = TLSInfo;
			sourceTree = "<group>";
		};
		40AA71AA190EEFF6003DECEF /* Supporting Files */ = {
			isa = PBXGroup;
			children = (
				40AA71AB190EEFF6003DECEF /* TLSInfo-Info.plist */,
				40AA71AC190EEFF6003DECEF /* InfoPlist.strings */,
				40AA71AF190EEFF6003DECEF /* main.m */,
				40AA71B1190EEFF6003DECEF /* TLSInfo-Prefix.pch */,
			);
			name = "Supporting Files";
			sourceTree = "<group>";
		};
		40AA71CB190EEFF6003DECEF /* TLSInfoTests */ = {
			isa = PBXGroup;
			children = (
				40AA71D1190EEFF6003DECEF /* TLSInfoTests.m */,
				40AA71CC190EEFF6003DECEF /* Supporting Files */,
			);
			path = TLSInfoTests;
			sourceTree = "<group>";
		};
		40AA71CC190EEFF6003DECEF /* Supporting Files */ = {
			isa = PBXGroup;
			children = (
				40AA71CD190EEFF6003DECEF /* TLSInfoTests-Info.plist */,
				40AA71CE190EEFF6003DECEF /* InfoPlist.strings */,
			);
			name = "Supporting Files";
			sourceTree = "<group>";
		};
/* End PBXGroup section */

/* Begin PBXNativeTarget section */
		40AA719F190EEFF6003DECEF /* TLSInfo */ = {
			isa = PBXNativeTarget;
			buildConfigurationList = 40AA71D5190EEFF6003DECEF /* Build configuration list for PBXNativeTarget "TLSInfo" */;
			buildPhases = (
				40AA719C190EEFF6003DECEF /* Sources */,
				40AA719D190EEFF6003DECEF /* Frameworks */,
				40AA719E190EEFF6003DECEF /* Resources */,
			);
			buildRules = (
			);
			dependencies = (
			);
			name = TLSInfo;
			productName = TLSInfo;
			productReference = 40AA71A0190EEFF6003DECEF /* TLSInfo.app */;
			productType = "com.apple.product-type.application";
		};
		40AA71C3190EEFF6003DECEF /* TLSInfoTests */ = {
			isa = PBXNativeTarget;
			buildConfigurationList = 40AA71D8190EEFF6003DECEF /* Build configuration list for PBXNativeTarget "TLSInfoTests" */;
			buildPhases = (
				40AA71C0190EEFF6003DECEF /* Sources */,
				40AA71C1190EEFF6003DECEF /* Frameworks */,
				40AA71C2190EEFF6003DECEF /* Resources */,
			);
			buildRules = (
			);
			dependencies = (
				40AA71CA190EEFF6003DECEF /* PBXTargetDependency */,
			);
			name = TLSInfoTests;
			productName = TLSInfoTests;
			productReference = 40AA71C4190EEFF6003DECEF /* TLSInfoTests.xctest */;
			productType = "com.apple.product-type.bundle.unit-test";
		};
/* End PBXNativeTarget section */

/* Begin PBXProject section */
		40AA7198190EEFF6003DECEF /* Project object */ = {
			isa = PBXProject;
			attributes = {
				LastUpgradeCheck = 0510;
				ORGANIZATIONNAME = CollinBStuart;
				TargetAttributes = {
					40AA71C3190EEFF6003DECEF = {
						TestTargetID = 40AA719F190EEFF6003DECEF;
					};
				};
			};
			buildConfigurationList = 40AA719B190EEFF6003DECEF /* Build configuration list for PBXProject "TLSInfo" */;
			compatibilityVersion = "Xcode 3.2";
			developmentRegion = English;
			hasScannedForEncodings = 0;
			knownRegions = (
				en,
				Base,
			);
			mainGroup = 40AA7197190EEFF6003DECEF;
			productRefGroup = 40AA71A1190EEFF6003DECEF /* Products */;
			projectDirPath = "";
			projectRoot = "";
			targets = (
				40AA719F190EEFF6003DECEF /* TLSInfo */,
				40AA71C3190EEFF6003DECEF /* TLSInfoTests */,
			);
		};
/* End PBXProject section */

/* Begin PBXResourcesBuildPhase section */
		40AA719E190EEFF6003DECEF /* Resources */ = {
			isa = PBXResourcesBuildPhase;
			buildActionMask = 2147483647;
			files = (
				40AA71BA190EEFF6003DECEF /* Main_iPad.storyboard in Resources */,
				40AA71BF190EEFF6003DECEF /* Images.xcassets in Resources */,
				40AA71B7190EEFF6003DECEF /* Main_iPhone.storyboard in Resources */,
				40AA71AE190EEFF6003DECEF /* InfoPlist.strings in Resources */,
			);
			runOnlyForDeploymentPostprocessing = 0;
		};
		40AA71C2190EEFF6003DECEF /* Resources */ = {
			isa = PBXResourcesBuildPhase;
			buildActionMask = 2147483647;
			files = (
				40AA71D0190EEFF6003DECEF /* InfoPlist.strings in Resources */,
			);
			runOnlyForDeploymentPostprocessing = 0;
		};
/* End PBXResourcesBuildPhase section */

/* Begin PBXSourcesBuildPhase section */
		40AA719C190EEFF6003DECEF /* Sources */ = {
			isa = PBXSourcesBuildPhase;
			buildActionMask = 2147483647;
			files = (
				40AA71BD190EEFF6003DECEF /* ViewController.m in Sources */,
				40AA71B4190EEFF6003DECEF /* AppDelegate.m in Sources */,
				40AA71B0190EEFF6003DECEF /* main.m in Sources */,
			);
			runOnlyForDeploymentPostprocessing = 0;
		};
		40AA71C0190EEFF6003DECEF /* Sources */ = {
			isa = PBXSourcesBuildPhase;
			buildActionMask = 2147483647;
			files = (
				40AA71D2190EEFF6003DECEF /* TLSInfoTests.m in Sources */,
			);
			runOnlyForDeploymentPostprocessing = 0;
		};
/* End PBXSourcesBuildPhase section */

/* Begin PBXTargetDependency section */
		40AA71CA190EEFF6003DECEF /* PBXTargetDependency */ = {
			isa = PBXTargetDependency;
			target = 40AA719F190EEFF6003DECEF /* TLSInfo */;
			targetProxy = 40AA71C9190EEFF6003DECEF /* PBXContainerItemProxy */;
		};
/* End PBXTargetDependency section */

/* Begin PBXVariantGroup section */
		40AA71AC190EEFF6003DECEF /* InfoPlist.strings */ = {
			isa = PBXVariantGroup;
			children = (
				40AA71AD190EEFF6003DECEF /* en */,
			);
			name = InfoPlist.strings;
			sourceTree = "<group>";
		};
		40AA71B5190EEFF6003DECEF /* Main_iPhone.storyboard */ = {
			isa = PBXVariantGroup;
			children = (
				40AA71B6190EEFF6003DECEF /* Base */,
			);
			name = Main_iPhone.storyboard;
			sourceTree = "<group>";
		};
		40AA71B8190EEFF6003DECEF /* Main_iPad.storyboard */ = {
			isa = PBXVariantGroup;
			children = (
				40AA71B9190EEFF6003DECEF /* Base */,
			);
			name = Main_iPad.storyboard;
			sourceTree = "<group>";
		};
		40AA71CE190EEFF6003DECEF /* InfoPlist.strings */ = {
			isa = PBXVariantGroup;
			children = (
				40AA71CF190EEFF6003DECEF /* en */,
			);
			name = InfoPlist.strings;
			sourceTree = "<group>";
		};
/* End PBXVariantGroup section */

/* Begin XCBuildConfiguration section */
		40AA71D3190EEFF6003DECEF /* Debug */ = {
			isa = XCBuildConfiguration;
			buildSettings = {
				ALWAYS_SEARCH_USER_PATHS = NO;
				CLANG_CXX_LANGUAGE_STANDARD = "gnu++0x";
				CLANG_CXX_LIBRARY = "libc++";
				CLANG_ENABLE_MODULES = YES;
				CLANG_ENABLE_OBJC_ARC = YES;
				CLANG_WARN_BOOL_CONVERSION = YES;
				CLANG_WARN_CONSTANT_CONVERSION = YES;
				CLANG_WARN_DIRECT_OBJC_ISA_USAGE = YES_ERROR;
				CLANG_WARN_EMPTY_BODY = YES;
				CLANG_WARN_ENUM_CONVERSION = YES;
				CLANG_WARN_INT_CONVERSION = YES;
				CLANG_WARN_OBJC_ROOT_CLASS = YES_ERROR;
				CLANG_WARN__DUPLICATE_METHOD_MATCH = YES;
				"CODE_SIGN_IDENTITY[sdk=iphoneos*]" = "iPhone Developer";
				COPY_PHASE_STRIP = NO;
				GCC_C_LANGUAGE_STANDARD = gnu99;
				GCC_DYNAMIC_NO_PIC = NO;
				GCC_OPTIMIZATION_LEVEL = 0;
				GCC_PREPROCESSOR_DEFINITIONS = (
					"DEBUG=1",
					"$(inherited)",
				);
				GCC_SYMBOLS_PRIVATE_EXTERN = NO;
				GCC_WARN_64_TO_32_BIT_CONVERSION = YES;
				GCC_WARN_ABOUT_RETURN_TYPE = YES_ERROR;
				GCC_WARN_UNDECLARED_SELECTOR = YES;
				GCC_WARN_UNINITIALIZED_AUTOS = YES_AGGRESSIVE;
				GCC_WARN_UNUSED_FUNCTION = YES;
				GCC_WARN_UNUSED_VARIABLE = YES;
				IPHONEOS_DEPLOYMENT_TARGET = 7.1;
				ONLY_ACTIVE_ARCH = YES;
				SDKROOT = iphoneos;
				TARGETED_DEVICE_FAMILY = "1,2";
			};
			name = Debug;
		};
		40AA71D4190EEFF6003DECEF /* Release */ = {
			isa = XCBuildConfiguration;
			buildSettings = {
				ALWAYS_SEARCH_USER_PATHS = NO;
				CLANG_CXX_LANGUAGE_STANDARD = "gnu++0x";
				CLANG_CXX_LIBRARY = "libc++";
				CLANG_ENABLE_MODULES = YES;
				CLANG_ENABLE_OBJC_ARC = YES;
				CLANG_WARN_BOOL_CONVERSION = YES;
				CLANG_WARN_CONSTANT_CONVERSION = YES;
				CLANG_WARN_DIRECT_OBJC_ISA_USAGE = YES_ERROR;
				CLANG_WARN_EMPTY_BODY = YES;
				CLANG_WARN_ENUM_CONVERSION = YES;
				CLANG_WARN_INT_CONVERSION = YES;
				CLANG_WARN_OBJC_ROOT_CLASS = YES_ERROR;
				CLANG_WARN__DUPLICATE_METHOD_MATCH = YES;
				"CODE_SIGN_IDENTITY[sdk=iphoneos*]" = "iPhone Developer";
				COPY_PHASE_STRIP = YES;
				ENABLE_NS_ASSERTIONS = NO;
				GCC_C_LANGUAGE_STANDARD = gnu99;
				GCC_WARN_64_TO_32_BIT_CONVERSION = YES;
				GCC_WARN_ABOUT_RETURN_TYPE = YES_ERROR;
				GCC_WARN_UNDECLARED_SELECTOR = YES;
				GCC_WARN_UNINITIALIZED_AUTOS = YES_AGGRESSIVE;
				GCC_WARN_UNUSED_FUNCTION = YES;
				GCC_WARN_UNUSED_VARIABLE = YES;
				IPHONEOS_DEPLOYMENT_TARGET = 7.1;
				SDKROOT = iphoneos;
				TARGETED_DEVICE_FAMILY = "1,2";
				VALIDATE_PRODUCT = YES;
			};
			name = Release;
		};
		40AA71D6190EEFF6003DECEF /* Debug */ = {
			isa = XCBuildConfiguration;
			buildSettings = {
				ASSETCATALOG_COMPILER_APPICON_NAME = AppIcon;
				ASSETCATALOG_COMPILER_LAUNCHIMAGE_NAME = LaunchImage;
				GCC_PRECOMPILE_PREFIX_HEADER = YES;
				GCC_PREFIX_HEADER = "TLSInfo/TLSInfo-Prefix.pch";
				INFOPLIST_FILE = "TLSInfo/TLSInfo-Info.plist";
				PRODUCT_NAME = "$(TARGET_NAME)";
				WRAPPER_EXTENSION = app;
			};
			name = Debug;
		};
		40AA71D7190EEFF6003DECEF /* Release */ = {
			isa = XCBuildConfiguration;
			buildSettings = {
				ASSETCATALOG_COMPILER_APPICON_NAME = AppIcon;
				ASSETCATALOG_COMPILER_LAUNCHIMAGE_NAME = LaunchImage;
				GCC_PRECOMPILE_PREFIX_HEADER = YES;
				GCC_PREFIX_HEADER = "TLSInfo/TLSInfo-Prefix.pch";
				INFOPLIST_FILE = "TLSInfo/TLSInfo-Info.plist";
				PRODUCT_NAME = "$(TARGET_NAME)";
				WRAPPER_EXTENSION = app;
			};
			name = Release;
		};
		40AA71D9190EEFF6003DECEF /* Debug */ = {
			isa = XCBuildConfiguration;
			buildSettings = {
				BUNDLE_LOADER = "$(BUILT_PRODUCTS_DIR)/TLSInfo.app/TLSInfo";
				FRAMEWORK_SEARCH_PATHS = (
					"$(SDKROOT)/Developer/Library/Frameworks",
					"$(inherited)",
					"$(DEVELOPER_FRAMEWORKS_DIR)",
				);
				GCC_PRECOMPILE_PREFIX_HEADER = YES;
				GCC_PREFIX_HEADER = "TLSInfo/TLSInfo-Prefix.pch";
				GCC_PREPROCESSOR_DEFINITIONS = (
					"DEBUG=1",
					"$(inherited)",
				);
				INFOPLIST_FILE = "TLSInfoTests/TLSInfoTests-Info.plist";
				PRODUCT_NAME = "$(TARGET_NAME)";
				TEST_HOST = "$(BUNDLE_LOADER)";
				WRAPPER_EXTENSION = xctest;
			};
			name = Debug;
		};
		40AA71DA190EEFF6003DECEF /* Release */ = {
			isa = XCBuildConfiguration;
			buildSettings = {
				BUNDLE_LOADER = "$(BUILT_PRODUCTS_DIR)/TLSInfo.app/TLSInfo";
				FRAMEWORK_SEARCH_PATHS = (
					"$(SDKROOT)/Developer/Library/Frameworks",
					"$(inherited)",
					"$(DEVELOPER_FRAMEWORKS_DIR)",
				);
				GCC_PRECOMPILE_PREFIX_HEADER = YES;
				GCC_PREFIX_HEADER = "TLSInfo/TLSInfo-Prefix.pch";
				INFOPLIST_FILE = "TLSInfoTests/TLSInfoTests-Info.plist";
				PRODUCT_NAME = "$(TARGET_NAME)";
				TEST_HOST = "$(BUNDLE_LOADER)";
				WRAPPER_EXTENSION = xctest;
			};
			name = Release;
		};
/* End XCBuildConfiguration section */

/* Begin XCConfigurationList section */
		40AA719B190EEFF6003DECEF /* Build configuration list for PBXProject "TLSInfo" */ = {
			isa = XCConfigurationList;
			buildConfigurations = (
				40AA71D3190EEFF6003DECEF /* Debug */,
				40AA71D4190EEFF6003DECEF /* Release */,
			);
			defaultConfigurationIsVisible = 0;
			defaultConfigurationName = Release;
		};
		40AA71D5190EEFF6003DECEF /* Build configuration list for PBXNativeTarget "TLSInfo" */ = {
			isa = XCConfigurationList;
			buildConfigurations = (
				40AA71D6190EEFF6003DECEF /* Debug */,
				40AA71D7190EEFF6003DECEF /* Release */,
			);
			defaultConfigurationIsVisible = 0;
		};
		40AA71D8190EEFF6003DECEF /* Build configuration list for PBXNativeTarget "TLSInfoTests" */ = {
			isa = XCConfigurationList;
			buildConfigurations = (
				40AA71D9190EEFF6003DECEF /* Debug */,
				40AA71DA190EEFF6003DECEF /* Release */,
			);
			defaultConfigurationIsVisible = 0;
		};
/* End XCConfigurationList section */
	};
	rootObject = 40AA7198190EEFF6003DECEF /* Project object */;
}
